# THIS IS AN AUTOGENERATED FILE. DO NOT EDIT THIS FILE DIRECTLY.
# yarn lockfile v1


skills@^1.4.5:
  version "1.4.5"
  resolved "https://registry.npmmirror.com/skills/-/skills-1.4.5.tgz#e70baa244f573b9eaebfbd0272c04e282b796f4b"
  integrity sha512-fu73BeQ7dXDXx5/xViL7SOlSLamJAMlSLcyjoVTUGHCoQX5ekWrRVp0Go8OJqgzakUCIKqz8UijkDLBG9c/qOg==
